
Microsoft Visual Studio Solution File, Format Version 12.00
# Visual Studio 15
VisualStudioVersion = 15.0.27428.2015
MinimumVisualStudioVersion = 10.0.40219.1
Project("{FAE04EC0-301F-11D3-BF4B-00C04F79EFBC}") = "ConsoleApp2", "ConsoleApp2\ConsoleApp2.csproj", "{92ED7DEA-47B2-4D94-9617-8E6F89BA1B2B}"
EndProject
Project("{FAE04EC0-301F-11D3-BF4B-00C04F79EFBC}") = "ClientApp", "ClientApp\ClientApp.csproj", "{F8619CDF-0963-496A-A449-549E7C9E7E17}"
EndProject
Project("{FAE04EC0-301F-11D3-BF4B-00C04F79EFBC}") = "RoutingSvc", "RoutingSvc\RoutingSvc.csproj", "{7641D78C-44F3-4A1D-859C-1E85FD42AECF}"
EndProject
Project("{FAE04EC0-301F-11D3-BF4B-00C04F79EFBC}") = "ServerSvc", "ServerSvc\ServerSvc.csproj", "{D34CDB94-58CC-4D00-B119-66382A12B31A}"
EndProject
Global
	GlobalSection(SolutionConfigurationPlatforms) = preSolution
		Debug|Any CPU = Debug|Any CPU
		Release|Any CPU = Release|Any CPU
	EndGlobalSection
	GlobalSection(ProjectConfigurationPlatforms) = postSolution
		{92ED7DEA-47B2-4D94-9617-8E6F89BA1B2B}.Debug|Any CPU.ActiveCfg = Debug|Any CPU
		{92ED7DEA-47B2-4D94-9617-8E6F89BA1B2B}.Debug|Any CPU.Build.0 = Debug|Any CPU
		{92ED7DEA-47B2-4D94-9617-8E6F89BA1B2B}.Release|Any CPU.ActiveCfg = Release|Any CPU
		{92ED7DEA-47B2-4D94-9617-8E6F89BA1B2B}.Release|Any CPU.Build.0 = Release|Any CPU
		{F8619CDF-0963-496A-A449-549E7C9E7E17}.Debug|Any CPU.ActiveCfg = Debug|Any CPU
		{F8619CDF-0963-496A-A449-549E7C9E7E17}.Debug|Any CPU.Build.0 = Debug|Any CPU
		{F8619CDF-0963-496A-A449-549E7C9E7E17}.Release|Any CPU.ActiveCfg = Release|Any CPU
		{F8619CDF-0963-496A-A449-549E7C9E7E17}.Release|Any CPU.Build.0 = Release|Any CPU
		{7641D78C-44F3-4A1D-859C-1E85FD42AECF}.Debug|Any CPU.ActiveCfg = Debug|Any CPU
		{7641D78C-44F3-4A1D-859C-1E85FD42AECF}.Debug|Any CPU.Build.0 = Debug|Any CPU
		{7641D78C-44F3-4A1D-859C-1E85FD42AECF}.Release|Any CPU.ActiveCfg = Release|Any CPU
		{7641D78C-44F3-4A1D-859C-1E85FD42AECF}.Release|Any CPU.Build.0 = Release|Any CPU
		{D34CDB94-58CC-4D00-B119-66382A12B31A}.Debug|Any CPU.ActiveCfg = Debug|Any CPU
		{D34CDB94-58CC-4D00-B119-66382A12B31A}.Debug|Any CPU.Build.0 = Debug|Any CPU
		{D34CDB94-58CC-4D00-B119-66382A12B31A}.Release|Any CPU.ActiveCfg = Release|Any CPU
		{D34CDB94-58CC-4D00-B119-66382A12B31A}.Release|Any CPU.Build.0 = Release|Any CPU
	EndGlobalSection
	GlobalSection(SolutionProperties) = preSolution
		HideSolutionNode = FALSE
	EndGlobalSection
	GlobalSection(ExtensibilityGlobals) = postSolution
		SolutionGuid = {E79D5E80-E420-4B4A-9253-2C19A74EFA9C}
	EndGlobalSection
EndGlobal
